
Microsoft Visual Studio Solution File, Format Version 12.00
# Visual Studio 15
VisualStudioVersion = 15.0.26730.16
MinimumVisualStudioVersion = 10.0.40219.1
Project("{FAE04EC0-301F-11D3-BF4B-00C04F79EFBC}") = "AspNetCoreSampleApp", "AspNetCoreSampleApp\AspNetCoreSampleApp.csproj", "{23F6B9F7-E490-40CD-B431-485CAE77640E}"
EndProject
Project("{FAE04EC0-301F-11D3-BF4B-00C04F79EFBC}") = "AspNetCoreSampleApp.Core", "AspNetCoreSampleApp.Core\AspNetCoreSampleApp.Core.csproj", "{664F31F6-DD84-4ECD-A8E7-85B36F3964CF}"
EndProject
Project("{FAE04EC0-301F-11D3-BF4B-00C04F79EFBC}") = "AspNetCoreSampleApp.Service", "AspNetCoreSampleApp.Service\AspNetCoreSampleApp.Service.csproj", "{2BCFB38A-79E3-4DEA-B011-0DE52B167867}"
EndProject
Global
	GlobalSection(SolutionConfigurationPlatforms) = preSolution
		Debug|Any CPU = Debug|Any CPU
		Release|Any CPU = Release|Any CPU
	EndGlobalSection
	GlobalSection(ProjectConfigurationPlatforms) = postSolution
		{23F6B9F7-E490-40CD-B431-485CAE77640E}.Debug|Any CPU.ActiveCfg = Debug|Any CPU
		{23F6B9F7-E490-40CD-B431-485CAE77640E}.Debug|Any CPU.Build.0 = Debug|Any CPU
		{23F6B9F7-E490-40CD-B431-485CAE77640E}.Release|Any CPU.ActiveCfg = Release|Any CPU
		{23F6B9F7-E490-40CD-B431-485CAE77640E}.Release|Any CPU.Build.0 = Release|Any CPU
		{664F31F6-DD84-4ECD-A8E7-85B36F3964CF}.Debug|Any CPU.ActiveCfg = Debug|Any CPU
		{664F31F6-DD84-4ECD-A8E7-85B36F3964CF}.Debug|Any CPU.Build.0 = Debug|Any CPU
		{664F31F6-DD84-4ECD-A8E7-85B36F3964CF}.Release|Any CPU.ActiveCfg = Release|Any CPU
		{664F31F6-DD84-4ECD-A8E7-85B36F3964CF}.Release|Any CPU.Build.0 = Release|Any CPU
		{2BCFB38A-79E3-4DEA-B011-0DE52B167867}.Debug|Any CPU.ActiveCfg = Debug|Any CPU
		{2BCFB38A-79E3-4DEA-B011-0DE52B167867}.Debug|Any CPU.Build.0 = Debug|Any CPU
		{2BCFB38A-79E3-4DEA-B011-0DE52B167867}.Release|Any CPU.ActiveCfg = Release|Any CPU
		{2BCFB38A-79E3-4DEA-B011-0DE52B167867}.Release|Any CPU.Build.0 = Release|Any CPU
	EndGlobalSection
	GlobalSection(SolutionProperties) = preSolution
		HideSolutionNode = FALSE
	EndGlobalSection
	GlobalSection(ExtensibilityGlobals) = postSolution
		SolutionGuid = {D68E03A1-1CED-4345-967D-790AB23B61FE}
	EndGlobalSection
EndGlobal
